
Microsoft Visual Studio Solution File, Format Version 12.00
# Visual Studio Version 17
VisualStudioVersion = 17.14.36414.22 d17.14
MinimumVisualStudioVersion = 10.0.40219.1
Project("{FAE04EC0-301F-11D3-BF4B-00C04F79EFBC}") = "PINEDA_LESSON2ACT", "PINEDA_LESSON2ACT\PINEDA_LESSON2ACT.csproj", "{12BA6CB9-3ADE-46C9-9CA3-1CD18EC87898}"
EndProject
Global
	GlobalSection(SolutionConfigurationPlatforms) = preSolution
		Debug|Any CPU = Debug|Any CPU
		Release|Any CPU = Release|Any CPU
	EndGlobalSection
	GlobalSection(ProjectConfigurationPlatforms) = postSolution
		{12BA6CB9-3ADE-46C9-9CA3-1CD18EC87898}.Debug|Any CPU.ActiveCfg = Debug|Any CPU
		{12BA6CB9-3ADE-46C9-9CA3-1CD18EC87898}.Debug|Any CPU.Build.0 = Debug|Any CPU
		{12BA6CB9-3ADE-46C9-9CA3-1CD18EC87898}.Release|Any CPU.ActiveCfg = Release|Any CPU
		{12BA6CB9-3ADE-46C9-9CA3-1CD18EC87898}.Release|Any CPU.Build.0 = Release|Any CPU
	EndGlobalSection
	GlobalSection(SolutionProperties) = preSolution
		HideSolutionNode = FALSE
	EndGlobalSection
	GlobalSection(ExtensibilityGlobals) = postSolution
		SolutionGuid = {83C5F05B-7B55-4E0C-9B4D-9F5636B30BCB}
	EndGlobalSection
EndGlobal
