
Microsoft Visual Studio Solution File, Format Version 12.00
# Visual Studio Version 17
VisualStudioVersion = 17.14.36414.22 d17.14
MinimumVisualStudioVersion = 10.0.40219.1
Project("{FAE04EC0-301F-11D3-BF4B-00C04F79EFBC}") = "PINEDA_DSAL_LESSOn2", "PINEDA_DSAL_LESSOn2\PINEDA_DSAL_LESSOn2.csproj", "{F971353E-B072-41DC-901C-0F4A0FF10B50}"
EndProject
Global
	GlobalSection(SolutionConfigurationPlatforms) = preSolution
		Debug|Any CPU = Debug|Any CPU
		Release|Any CPU = Release|Any CPU
	EndGlobalSection
	GlobalSection(ProjectConfigurationPlatforms) = postSolution
		{F971353E-B072-41DC-901C-0F4A0FF10B50}.Debug|Any CPU.ActiveCfg = Debug|Any CPU
		{F971353E-B072-41DC-901C-0F4A0FF10B50}.Debug|Any CPU.Build.0 = Debug|Any CPU
		{F971353E-B072-41DC-901C-0F4A0FF10B50}.Release|Any CPU.ActiveCfg = Release|Any CPU
		{F971353E-B072-41DC-901C-0F4A0FF10B50}.Release|Any CPU.Build.0 = Release|Any CPU
	EndGlobalSection
	GlobalSection(SolutionProperties) = preSolution
		HideSolutionNode = FALSE
	EndGlobalSection
	GlobalSection(ExtensibilityGlobals) = postSolution
		SolutionGuid = {D667FB8E-7EB0-4ED8-97B4-BDB6E31189F9}
	EndGlobalSection
EndGlobal
