
Microsoft Visual Studio Solution File, Format Version 12.00
# Visual Studio Version 17
VisualStudioVersion = 17.14.36414.22 d17.14
MinimumVisualStudioVersion = 10.0.40219.1
Project("{FAE04EC0-301F-11D3-BF4B-00C04F79EFBC}") = "PINEDA_Example3", "PINEDA_Example3\PINEDA_Example3.csproj", "{3B7776CE-ED8F-41F1-A66C-A51AF4B52373}"
EndProject
Global
	GlobalSection(SolutionConfigurationPlatforms) = preSolution
		Debug|Any CPU = Debug|Any CPU
		Release|Any CPU = Release|Any CPU
	EndGlobalSection
	GlobalSection(ProjectConfigurationPlatforms) = postSolution
		{3B7776CE-ED8F-41F1-A66C-A51AF4B52373}.Debug|Any CPU.ActiveCfg = Debug|Any CPU
		{3B7776CE-ED8F-41F1-A66C-A51AF4B52373}.Debug|Any CPU.Build.0 = Debug|Any CPU
		{3B7776CE-ED8F-41F1-A66C-A51AF4B52373}.Release|Any CPU.ActiveCfg = Release|Any CPU
		{3B7776CE-ED8F-41F1-A66C-A51AF4B52373}.Release|Any CPU.Build.0 = Release|Any CPU
	EndGlobalSection
	GlobalSection(SolutionProperties) = preSolution
		HideSolutionNode = FALSE
	EndGlobalSection
	GlobalSection(ExtensibilityGlobals) = postSolution
		SolutionGuid = {58AE929E-27A2-4347-951E-7D6354D06EC6}
	EndGlobalSection
EndGlobal
